
Microsoft Visual Studio Solution File, Format Version 11.00
# Visual Studio 2010
Project("{FAE04EC0-301F-11D3-BF4B-00C04F79EFBC}") = "Mad Moves Zombie IA", "Assembly-CSharp.csproj", "{CA445C91-1428-A3C6-BC1B-B455806BDA0E}"
EndProject
Project("{FAE04EC0-301F-11D3-BF4B-00C04F79EFBC}") = "Mad Moves Zombie IA", "Assembly-CSharp-firstpass.csproj", "{C7B0CE23-868E-ED5B-139E-B70B624434C4}"
EndProject
Project("{9F57D286-8D64-5427-F40E-A4BF7A67483A}") = "Mad Moves Zombie IA", "Assembly-UnityScript.unityproj", "{046686A5-CFE1-2E05-7B4E-D6D11231D13F}"
EndProject
Project("{FAE04EC0-301F-11D3-BF4B-00C04F79EFBC}") = "Mad Moves Zombie IA", "Assembly-CSharp-Editor-firstpass.csproj", "{D0FA4FF5-94C7-1F31-EA4B-54CB4EB33D70}"
EndProject
Project("{FAE04EC0-301F-11D3-BF4B-00C04F79EFBC}") = "Mad Moves Zombie IA", "Assembly-CSharp-Editor.csproj", "{C9935428-A225-6D98-8983-B2C5E9D1CDB8}"
EndProject
Global
	GlobalSection(SolutionConfigurationPlatforms) = preSolution
		Debug|Any CPU = Debug|Any CPU
		Release|Any CPU = Release|Any CPU
	EndGlobalSection
	GlobalSection(ProjectConfigurationPlatforms) = postSolution
		{CA445C91-1428-A3C6-BC1B-B455806BDA0E}.Debug|Any CPU.ActiveCfg = Debug|Any CPU
		{CA445C91-1428-A3C6-BC1B-B455806BDA0E}.Debug|Any CPU.Build.0 = Debug|Any CPU
		{CA445C91-1428-A3C6-BC1B-B455806BDA0E}.Release|Any CPU.ActiveCfg = Release|Any CPU
		{CA445C91-1428-A3C6-BC1B-B455806BDA0E}.Release|Any CPU.Build.0 = Release|Any CPU
		{C7B0CE23-868E-ED5B-139E-B70B624434C4}.Debug|Any CPU.ActiveCfg = Debug|Any CPU
		{C7B0CE23-868E-ED5B-139E-B70B624434C4}.Debug|Any CPU.Build.0 = Debug|Any CPU
		{C7B0CE23-868E-ED5B-139E-B70B624434C4}.Release|Any CPU.ActiveCfg = Release|Any CPU
		{C7B0CE23-868E-ED5B-139E-B70B624434C4}.Release|Any CPU.Build.0 = Release|Any CPU
		{046686A5-CFE1-2E05-7B4E-D6D11231D13F}.Debug|Any CPU.ActiveCfg = Debug|Any CPU
		{046686A5-CFE1-2E05-7B4E-D6D11231D13F}.Debug|Any CPU.Build.0 = Debug|Any CPU
		{046686A5-CFE1-2E05-7B4E-D6D11231D13F}.Release|Any CPU.ActiveCfg = Release|Any CPU
		{046686A5-CFE1-2E05-7B4E-D6D11231D13F}.Release|Any CPU.Build.0 = Release|Any CPU
		{D0FA4FF5-94C7-1F31-EA4B-54CB4EB33D70}.Debug|Any CPU.ActiveCfg = Debug|Any CPU
		{D0FA4FF5-94C7-1F31-EA4B-54CB4EB33D70}.Debug|Any CPU.Build.0 = Debug|Any CPU
		{D0FA4FF5-94C7-1F31-EA4B-54CB4EB33D70}.Release|Any CPU.ActiveCfg = Release|Any CPU
		{D0FA4FF5-94C7-1F31-EA4B-54CB4EB33D70}.Release|Any CPU.Build.0 = Release|Any CPU
		{C9935428-A225-6D98-8983-B2C5E9D1CDB8}.Debug|Any CPU.ActiveCfg = Debug|Any CPU
		{C9935428-A225-6D98-8983-B2C5E9D1CDB8}.Debug|Any CPU.Build.0 = Debug|Any CPU
		{C9935428-A225-6D98-8983-B2C5E9D1CDB8}.Release|Any CPU.ActiveCfg = Release|Any CPU
		{C9935428-A225-6D98-8983-B2C5E9D1CDB8}.Release|Any CPU.Build.0 = Release|Any CPU
	EndGlobalSection
	GlobalSection(SolutionProperties) = preSolution
		HideSolutionNode = FALSE
	EndGlobalSection
	GlobalSection(MonoDevelopProperties) = preSolution
		StartupItem = Assembly-CSharp.csproj
	EndGlobalSection
EndGlobal
